// !$*UTF8*$!
{
	archiveVersion = 1;
	classes = {
	};
	objectVersion = 46;
	objects = {

/* Begin PBXBuildFile section */
		845761101B0E83FC00B39003 /* main.m in Sources */ = {isa = PBXBuildFile; fileRef = 8457610F1B0E83FC00B39003 /* main.m */; };
		845761131B0E83FC00B39003 /* AppDelegate.m in Sources */ = {isa = PBXBuildFile; fileRef = 845761121B0E83FC00B39003 /* AppDelegate.m */; };
		845761161B0E83FC00B39003 /* RootViewController.m in Sources */ = {isa = PBXBuildFile; fileRef = 845761151B0E83FC00B39003 /* RootViewController.m */; };
		845761191B0E83FC00B39003 /* Main.storyboard in Resources */ = {isa = PBXBuildFile; fileRef = 845761171B0E83FC00B39003 /* Main.storyboard */; };
		8457611B1B0E83FC00B39003 /* Images.xcassets in Resources */ = {isa = PBXBuildFile; fileRef = 8457611A1B0E83FC00B39003 /* Images.xcassets */; };
		8457611E1B0E83FC00B39003 /* LaunchScreen.xib in Resources */ = {isa = PBXBuildFile; fileRef = 8457611C1B0E83FC00B39003 /* LaunchScreen.xib */; };
		8457612A1B0E83FC00B39003 /* FarkleTests.m in Sources */ = {isa = PBXBuildFile; fileRef = 845761291B0E83FC00B39003 /* FarkleTests.m */; };
		845761351B0EA35A00B39003 /* DieLabel.m in Sources */ = {isa = PBXBuildFile; fileRef = 845761341B0EA35A00B39003 /* DieLabel.m */; };
/* End PBXBuildFile section */

/* Begin PBXContainerItemProxy section */
		845761241B0E83FC00B39003 /* PBXContainerItemProxy */ = {
			isa = PBXContainerItemProxy;
			containerPortal = 845761021B0E83FC00B39003 /* Project object */;
			proxyType = 1;
			remoteGlobalIDString = 845761091B0E83FC00B39003;
			remoteInfo = Farkle;
		};
/* End PBXContainerItemProxy section */

/* Begin PBXFileReference section */
		8457610A1B0E83FC00B39003 /* Farkle.app */ = {isa = PBXFileReference; explicitFileType = wrapper.application; includeInIndex = 0; path = Farkle.app; sourceTree = BUILT_PRODUCTS_DIR; };
		8457610E1B0E83FC00B39003 /* Info.plist */ = {isa = PBXFileReference; lastKnownFileType = text.plist.xml; path = Info.plist; sourceTree = "<group>"; };
		8457610F1B0E83FC00B39003 /* main.m */ = {isa = PBXFileReference; lastKnownFileType = sourcecode.c.objc; path = main.m; sourceTree = "<group>"; };
		845761111B0E83FC00B39003 /* AppDelegate.h */ = {isa = PBXFileReference; lastKnownFileType = sourcecode.c.h; path = AppDelegate.h; sourceTree = "<group>"; };
		845761121B0E83FC00B39003 /* AppDelegate.m */ = {isa = PBXFileReference; lastKnownFileType = sourcecode.c.objc; path = AppDelegate.m; sourceTree = "<group>"; };
		845761141B0E83FC00B39003 /* RootViewController.h */ = {isa = PBXFileReference; lastKnownFileType = sourcecode.c.h; path = RootViewController.h; sourceTree = "<group>"; };
		845761151B0E83FC00B39003 /* RootViewController.m */ = {isa = PBXFileReference; lastKnownFileType = sourcecode.c.objc; path = RootViewController.m; sourceTree = "<group>"; };
		845761181B0E83FC00B39003 /* Base */ = {isa = PBXFileReference; lastKnownFileType = file.storyboard; name = Base; path = Base.lproj/Main.storyboard; sourceTree = "<group>"; };
		8457611A1B0E83FC00B39003 /* Images.xcassets */ = {isa = PBXFileReference; lastKnownFileType = folder.assetcatalog; path = Images.xcassets; sourceTree = "<group>"; };
		8457611D1B0E83FC00B39003 /* Base */ = {isa = PBXFileReference; lastKnownFileType = file.xib; name = Base; path = Base.lproj/LaunchScreen.xib; sourceTree = "<group>"; };
		845761231B0E83FC00B39003 /* FarkleTests.xctest */ = {isa = PBXFileReference; explicitFileType = wrapper.cfbundle; includeInIndex = 0; path = FarkleTests.xctest; sourceTree = BUILT_PRODUCTS_DIR; };
		845761281B0E83FC00B39003 /* Info.plist */ = {isa = PBXFileReference; lastKnownFileType = text.plist.xml; path = Info.plist; sourceTree = "<group>"; };
		845761291B0E83FC00B39003 /* FarkleTests.m */ = {isa = PBXFileReference; lastKnownFileType = sourcecode.c.objc; path = FarkleTests.m; sourceTree = "<group>"; };
		845761331B0EA35A00B39003 /* DieLabel.h */ = {isa = PBXFileReference; fileEncoding = 4; lastKnownFileType = sourcecode.c.h; name = DieLabel.h; path = ../DieLabel.h; sourceTree = "<group>"; };
		845761341B0EA35A00B39003 /* DieLabel.m */ = {isa = PBXFileReference; fileEncoding = 4; lastKnownFileType = sourcecode.c.objc; name = DieLabel.m; path = ../DieLabel.m; sourceTree = "<group>"; };
/* End PBXFileReference section */

/* Begin PBXFrameworksBuildPhase section */
		845761071B0E83FC00B39003 /* Frameworks */ = {
			isa = PBXFrameworksBuildPhase;
			buildActionMask = 2147483647;
			files = (
			);
			runOnlyForDeploymentPostprocessing = 0;
		};
		845761201B0E83FC00B39003 /* Frameworks */ = {
			isa = PBXFrameworksBuildPhase;
			buildActionMask = 2147483647;
			files = (
			);
			runOnlyForDeploymentPostprocessing = 0;
		};
/* End PBXFrameworksBuildPhase section */

/* Begin PBXGroup section */
		845761011B0E83FC00B39003 = {
			isa = PBXGroup;
			children = (
				8457610C1B0E83FC00B39003 /* Farkle */,
				845761261B0E83FC00B39003 /* FarkleTests */,
				8457610B1B0E83FC00B39003 /* Products */,
			);
			sourceTree = "<group>";
		};
		8457610B1B0E83FC00B39003 /* Products */ = {
			isa = PBXGroup;
			children = (
				8457610A1B0E83FC00B39003 /* Farkle.app */,
				845761231B0E83FC00B39003 /* FarkleTests.xctest */,
			);
			name = Products;
			sourceTree = "<group>";
		};
		8457610C1B0E83FC00B39003 /* Farkle */ = {
			isa = PBXGroup;
			children = (
				845761111B0E83FC00B39003 /* AppDelegate.h */,
				845761121B0E83FC00B39003 /* AppDelegate.m */,
				845761331B0EA35A00B39003 /* DieLabel.h */,
				845761341B0EA35A00B39003 /* DieLabel.m */,
				845761141B0E83FC00B39003 /* RootViewController.h */,
				845761151B0E83FC00B39003 /* RootViewController.m */,
				845761171B0E83FC00B39003 /* Main.storyboard */,
				8457611A1B0E83FC00B39003 /* Images.xcassets */,
				8457611C1B0E83FC00B39003 /* LaunchScreen.xib */,
				8457610D1B0E83FC00B39003 /* Supporting Files */,
			);
			path = Farkle;
			sourceTree = "<group>";
		};
		8457610D1B0E83FC00B39003 /* Supporting Files */ = {
			isa = PBXGroup;
			children = (
				8457610E1B0E83FC00B39003 /* Info.plist */,
				8457610F1B0E83FC00B39003 /* main.m */,
			);
			name = "Supporting Files";
			sourceTree = "<group>";
		};
		845761261B0E83FC00B39003 /* FarkleTests */ = {
			isa = PBXGroup;
			children = (
				845761291B0E83FC00B39003 /* FarkleTests.m */,
				845761271B0E83FC00B39003 /* Supporting Files */,
			);
			path = FarkleTests;
			sourceTree = "<group>";
		};
		845761271B0E83FC00B39003 /* Supporting Files */ = {
			isa = PBXGroup;
			children = (
				845761281B0E83FC00B39003 /* Info.plist */,
			);
			name = "Supporting Files";
			sourceTree = "<group>";
		};
/* End PBXGroup section */

/* Begin PBXNativeTarget section */
		845761091B0E83FC00B39003 /* Farkle */ = {
			isa = PBXNativeTarget;
			buildConfigurationList = 8457612D1B0E83FC00B39003 /* Build configuration list for PBXNativeTarget "Farkle" */;
			buildPhases = (
				845761061B0E83FC00B39003 /* Sources */,
				845761071B0E83FC00B39003 /* Frameworks */,
				845761081B0E83FC00B39003 /* Resources */,
			);
			buildRules = (
			);
			dependencies = (
			);
			name = Farkle;
			productName = Farkle;
			productReference = 8457610A1B0E83FC00B39003 /* Farkle.app */;
			productType = "com.apple.product-type.application";
		};
		845761221B0E83FC00B39003 /* FarkleTests */ = {
			isa = PBXNativeTarget;
			buildConfigurationList = 845761301B0E83FC00B39003 /* Build configuration list for PBXNativeTarget "FarkleTests" */;
			buildPhases = (
				8457611F1B0E83FC00B39003 /* Sources */,
				845761201B0E83FC00B39003 /* Frameworks */,
				845761211B0E83FC00B39003 /* Resources */,
			);
			buildRules = (
			);
			dependencies = (
				845761251B0E83FC00B39003 /* PBXTargetDependency */,
			);
			name = FarkleTests;
			productName = FarkleTests;
			productReference = 845761231B0E83FC00B39003 /* FarkleTests.xctest */;
			productType = "com.apple.product-type.bundle.unit-test";
		};
/* End PBXNativeTarget section */

/* Begin PBXProject section */
		845761021B0E83FC00B39003 /* Project object */ = {
			isa = PBXProject;
			attributes = {
				LastUpgradeCheck = 0630;
				ORGANIZATIONNAME = "Brent Dady";
				TargetAttributes = {
					845761091B0E83FC00B39003 = {
						CreatedOnToolsVersion = 6.3.2;
					};
					845761221B0E83FC00B39003 = {
						CreatedOnToolsVersion = 6.3.2;
						TestTargetID = 845761091B0E83FC00B39003;
					};
				};
			};
			buildConfigurationList = 845761051B0E83FC00B39003 /* Build configuration list for PBXProject "Farkle" */;
			compatibilityVersion = "Xcode 3.2";
			developmentRegion = English;
			hasScannedForEncodings = 0;
			knownRegions = (
				en,
				Base,
			);
			mainGroup = 845761011B0E83FC00B39003;
			productRefGroup = 8457610B1B0E83FC00B39003 /* Products */;
			projectDirPath = "";
			projectRoot = "";
			targets = (
				845761091B0E83FC00B39003 /* Farkle */,
				845761221B0E83FC00B39003 /* FarkleTests */,
			);
		};
/* End PBXProject section */

/* Begin PBXResourcesBuildPhase section */
		845761081B0E83FC00B39003 /* Resources */ = {
			isa = PBXResourcesBuildPhase;
			buildActionMask = 2147483647;
			files = (
				845761191B0E83FC00B39003 /* Main.storyboard in Resources */,
				8457611E1B0E83FC00B39003 /* LaunchScreen.xib in Resources */,
				8457611B1B0E83FC00B39003 /* Images.xcassets in Resources */,
			);
			runOnlyForDeploymentPostprocessing = 0;
		};
		845761211B0E83FC00B39003 /* Resources */ = {
			isa = PBXResourcesBuildPhase;
			buildActionMask = 2147483647;
			files = (
			);
			runOnlyForDeploymentPostprocessing = 0;
		};
/* End PBXResourcesBuildPhase section */

/* Begin PBXSourcesBuildPhase section */
		845761061B0E83FC00B39003 /* Sources */ = {
			isa = PBXSourcesBuildPhase;
			buildActionMask = 2147483647;
			files = (
				845761161B0E83FC00B39003 /* RootViewController.m in Sources */,
				845761131B0E83FC00B39003 /* AppDelegate.m in Sources */,
				845761101B0E83FC00B39003 /* main.m in Sources */,
				845761351B0EA35A00B39003 /* DieLabel.m in Sources */,
			);
			runOnlyForDeploymentPostprocessing = 0;
		};
		8457611F1B0E83FC00B39003 /* Sources */ = {
			isa = PBXSourcesBuildPhase;
			buildActionMask = 2147483647;
			files = (
				8457612A1B0E83FC00B39003 /* FarkleTests.m in Sources */,
			);
			runOnlyForDeploymentPostprocessing = 0;
		};
/* End PBXSourcesBuildPhase section */

/* Begin PBXTargetDependency section */
		845761251B0E83FC00B39003 /* PBXTargetDependency */ = {
			isa = PBXTargetDependency;
			target = 845761091B0E83FC00B39003 /* Farkle */;
			targetProxy = 845761241B0E83FC00B39003 /* PBXContainerItemProxy */;
		};
/* End PBXTargetDependency section */

/* Begin PBXVariantGroup section */
		845761171B0E83FC00B39003 /* Main.storyboard */ = {
			isa = PBXVariantGroup;
			children = (
				845761181B0E83FC00B39003 /* Base */,
			);
			name = Main.storyboard;
			sourceTree = "<group>";
		};
		8457611C1B0E83FC00B39003 /* LaunchScreen.xib */ = {
			isa = PBXVariantGroup;
			children = (
				8457611D1B0E83FC00B39003 /* Base */,
			);
			name = LaunchScreen.xib;
			sourceTree = "<group>";
		};
/* End PBXVariantGroup section */

/* Begin XCBuildConfiguration section */
		8457612B1B0E83FC00B39003 /* Debug */ = {
			isa = XCBuildConfiguration;
			buildSettings = {
				ALWAYS_SEARCH_USER_PATHS = NO;
				CLANG_CXX_LANGUAGE_STANDARD = "gnu++0x";
				CLANG_CXX_LIBRARY = "libc++";
				CLANG_ENABLE_MODULES = YES;
				CLANG_ENABLE_OBJC_ARC = YES;
				CLANG_WARN_BOOL_CONVERSION = YES;
				CLANG_WARN_CONSTANT_CONVERSION = YES;
				CLANG_WARN_DIRECT_OBJC_ISA_USAGE = YES_ERROR;
				CLANG_WARN_EMPTY_BODY = YES;
				CLANG_WARN_ENUM_CONVERSION = YES;
				CLANG_WARN_INT_CONVERSION = YES;
				CLANG_WARN_OBJC_ROOT_CLASS = YES_ERROR;
				CLANG_WARN_UNREACHABLE_CODE = YES;
				CLANG_WARN__DUPLICATE_METHOD_MATCH = YES;
				"CODE_SIGN_IDENTITY[sdk=iphoneos*]" = "iPhone Developer";
				COPY_PHASE_STRIP = NO;
				DEBUG_INFORMATION_FORMAT = "dwarf-with-dsym";
				ENABLE_STRICT_OBJC_MSGSEND = YES;
				GCC_C_LANGUAGE_STANDARD = gnu99;
				GCC_DYNAMIC_NO_PIC = NO;
				GCC_NO_COMMON_BLOCKS = YES;
				GCC_OPTIMIZATION_LEVEL = 0;
				GCC_PREPROCESSOR_DEFINITIONS = (
					"DEBUG=1",
					"$(inherited)",
				);
				GCC_SYMBOLS_PRIVATE_EXTERN = NO;
				GCC_WARN_64_TO_32_BIT_CONVERSION = YES;
				GCC_WARN_ABOUT_RETURN_TYPE = YES_ERROR;
				GCC_WARN_UNDECLARED_SELECTOR = YES;
				GCC_WARN_UNINITIALIZED_AUTOS = YES_AGGRESSIVE;
				GCC_WARN_UNUSED_FUNCTION = YES;
				GCC_WARN_UNUSED_VARIABLE = YES;
				IPHONEOS_DEPLOYMENT_TARGET = 8.3;
				MTL_ENABLE_DEBUG_INFO = YES;
				ONLY_ACTIVE_ARCH = YES;
				SDKROOT = iphoneos;
			};
			name = Debug;
		};
		8457612C1B0E83FC00B39003 /* Release */ = {
			isa = XCBuildConfiguration;
			buildSettings = {
				ALWAYS_SEARCH_USER_PATHS = NO;
				CLANG_CXX_LANGUAGE_STANDARD = "gnu++0x";
				CLANG_CXX_LIBRARY = "libc++";
				CLANG_ENABLE_MODULES = YES;
				CLANG_ENABLE_OBJC_ARC = YES;
				CLANG_WARN_BOOL_CONVERSION = YES;
				CLANG_WARN_CONSTANT_CONVERSION = YES;
				CLANG_WARN_DIRECT_OBJC_ISA_USAGE = YES_ERROR;
				CLANG_WARN_EMPTY_BODY = YES;
				CLANG_WARN_ENUM_CONVERSION = YES;
				CLANG_WARN_INT_CONVERSION = YES;
				CLANG_WARN_OBJC_ROOT_CLASS = YES_ERROR;
				CLANG_WARN_UNREACHABLE_CODE = YES;
				CLANG_WARN__DUPLICATE_METHOD_MATCH = YES;
				"CODE_SIGN_IDENTITY[sdk=iphoneos*]" = "iPhone Developer";
				COPY_PHASE_STRIP = NO;
				DEBUG_INFORMATION_FORMAT = "dwarf-with-dsym";
				ENABLE_NS_ASSERTIONS = NO;
				ENABLE_STRICT_OBJC_MSGSEND = YES;
				GCC_C_LANGUAGE_STANDARD = gnu99;
				GCC_NO_COMMON_BLOCKS = YES;
				GCC_WARN_64_TO_32_BIT_CONVERSION = YES;
				GCC_WARN_ABOUT_RETURN_TYPE = YES_ERROR;
				GCC_WARN_UNDECLARED_SELECTOR = YES;
				GCC_WARN_UNINITIALIZED_AUTOS = YES_AGGRESSIVE;
				GCC_WARN_UNUSED_FUNCTION = YES;
				GCC_WARN_UNUSED_VARIABLE = YES;
				IPHONEOS_DEPLOYMENT_TARGET = 8.3;
				MTL_ENABLE_DEBUG_INFO = NO;
				SDKROOT = iphoneos;
				VALIDATE_PRODUCT = YES;
			};
			name = Release;
		};
		8457612E1B0E83FC00B39003 /* Debug */ = {
			isa = XCBuildConfiguration;
			buildSettings = {
				ASSETCATALOG_COMPILER_APPICON_NAME = AppIcon;
				INFOPLIST_FILE = Farkle/Info.plist;
				LD_RUNPATH_SEARCH_PATHS = "$(inherited) @executable_path/Frameworks";
				PRODUCT_NAME = "$(TARGET_NAME)";
			};
			name = Debug;
		};
		8457612F1B0E83FC00B39003 /* Release */ = {
			isa = XCBuildConfiguration;
			buildSettings = {
				ASSETCATALOG_COMPILER_APPICON_NAME = AppIcon;
				INFOPLIST_FILE = Farkle/Info.plist;
				LD_RUNPATH_SEARCH_PATHS = "$(inherited) @executable_path/Frameworks";
				PRODUCT_NAME = "$(TARGET_NAME)";
			};
			name = Release;
		};
		845761311B0E83FC00B39003 /* Debug */ = {
			isa = XCBuildConfiguration;
			buildSettings = {
				BUNDLE_LOADER = "$(TEST_HOST)";
				FRAMEWORK_SEARCH_PATHS = (
					"$(SDKROOT)/Developer/Library/Frameworks",
					"$(inherited)",
				);
				GCC_PREPROCESSOR_DEFINITIONS = (
					"DEBUG=1",
					"$(inherited)",
				);
				INFOPLIST_FILE = FarkleTests/Info.plist;
				LD_RUNPATH_SEARCH_PATHS = "$(inherited) @executable_path/Frameworks @loader_path/Frameworks";
				PRODUCT_NAME = "$(TARGET_NAME)";
				TEST_HOST = "$(BUILT_PRODUCTS_DIR)/Farkle.app/Farkle";
			};
			name = Debug;
		};
		845761321B0E83FC00B39003 /* Release */ = {
			isa = XCBuildConfiguration;
			buildSettings = {
				BUNDLE_LOADER = "$(TEST_HOST)";
				FRAMEWORK_SEARCH_PATHS = (
					"$(SDKROOT)/Developer/Library/Frameworks",
					"$(inherited)",
				);
				INFOPLIST_FILE = FarkleTests/Info.plist;
				LD_RUNPATH_SEARCH_PATHS = "$(inherited) @executable_path/Frameworks @loader_path/Frameworks";
				PRODUCT_NAME = "$(TARGET_NAME)";
				TEST_HOST = "$(BUILT_PRODUCTS_DIR)/Farkle.app/Farkle";
			};
			name = Release;
		};
/* End XCBuildConfiguration section */

/* Begin XCConfigurationList section */
		845761051B0E83FC00B39003 /* Build configuration list for PBXProject "Farkle" */ = {
			isa = XCConfigurationList;
			buildConfigurations = (
				8457612B1B0E83FC00B39003 /* Debug */,
				8457612C1B0E83FC00B39003 /* Release */,
			);
			defaultConfigurationIsVisible = 0;
			defaultConfigurationName = Release;
		};
		8457612D1B0E83FC00B39003 /* Build configuration list for PBXNativeTarget "Farkle" */ = {
			isa = XCConfigurationList;
			buildConfigurations = (
				8457612E1B0E83FC00B39003 /* Debug */,
				8457612F1B0E83FC00B39003 /* Release */,
			);
			defaultConfigurationIsVisible = 0;
			defaultConfigurationName = Release;
		};
		845761301B0E83FC00B39003 /* Build configuration list for PBXNativeTarget "FarkleTests" */ = {
			isa = XCConfigurationList;
			buildConfigurations = (
				845761311B0E83FC00B39003 /* Debug */,
				845761321B0E83FC00B39003 /* Release */,
			);
			defaultConfigurationIsVisible = 0;
			defaultConfigurationName = Release;
		};
/* End XCConfigurationList section */
	};
	rootObject = 845761021B0E83FC00B39003 /* Project object */;
}
